
Microsoft Visual Studio Solution File, Format Version 12.00
# Visual Studio Version 17
VisualStudioVersion = 17.11.35312.102
MinimumVisualStudioVersion = 10.0.40219.1
Project("{9A19103F-16F7-4668-BE54-9A1E7A4F7556}") = "Asm_PRN222_QuizGame.Admin", "Asm_PRN222_QuizGame\Asm_PRN222_QuizGame.Admin.csproj", "{7982AB51-6736-472A-B152-1ED0E2E2A6C5}"
EndProject
Project("{9A19103F-16F7-4668-BE54-9A1E7A4F7556}") = "QuizGame.Player", "QuizGame.Player\QuizGame.Player.csproj", "{616908AB-0005-4658-A9F0-55D063C9BC02}"
EndProject
Project("{9A19103F-16F7-4668-BE54-9A1E7A4F7556}") = "QuizGame.Repository", "QuizGame.Repository\QuizGame.Repository.csproj", "{C910947D-CBA7-41A5-B280-0840AE710299}"
EndProject
Project("{9A19103F-16F7-4668-BE54-9A1E7A4F7556}") = "QuizGame.Service", "QuizGame.Service\QuizGame.Service.csproj", "{1CDE7C91-3E26-4EEB-9491-2E6988927B12}"
EndProject
Global
	GlobalSection(SolutionConfigurationPlatforms) = preSolution
		Debug|Any CPU = Debug|Any CPU
		Release|Any CPU = Release|Any CPU
	EndGlobalSection
	GlobalSection(ProjectConfigurationPlatforms) = postSolution
		{7982AB51-6736-472A-B152-1ED0E2E2A6C5}.Debug|Any CPU.ActiveCfg = Debug|Any CPU
		{7982AB51-6736-472A-B152-1ED0E2E2A6C5}.Debug|Any CPU.Build.0 = Debug|Any CPU
		{7982AB51-6736-472A-B152-1ED0E2E2A6C5}.Release|Any CPU.ActiveCfg = Release|Any CPU
		{7982AB51-6736-472A-B152-1ED0E2E2A6C5}.Release|Any CPU.Build.0 = Release|Any CPU
		{616908AB-0005-4658-A9F0-55D063C9BC02}.Debug|Any CPU.ActiveCfg = Debug|Any CPU
		{616908AB-0005-4658-A9F0-55D063C9BC02}.Debug|Any CPU.Build.0 = Debug|Any CPU
		{616908AB-0005-4658-A9F0-55D063C9BC02}.Release|Any CPU.ActiveCfg = Release|Any CPU
		{616908AB-0005-4658-A9F0-55D063C9BC02}.Release|Any CPU.Build.0 = Release|Any CPU
		{C910947D-CBA7-41A5-B280-0840AE710299}.Debug|Any CPU.ActiveCfg = Debug|Any CPU
		{C910947D-CBA7-41A5-B280-0840AE710299}.Debug|Any CPU.Build.0 = Debug|Any CPU
		{C910947D-CBA7-41A5-B280-0840AE710299}.Release|Any CPU.ActiveCfg = Release|Any CPU
		{C910947D-CBA7-41A5-B280-0840AE710299}.Release|Any CPU.Build.0 = Release|Any CPU
		{1CDE7C91-3E26-4EEB-9491-2E6988927B12}.Debug|Any CPU.ActiveCfg = Debug|Any CPU
		{1CDE7C91-3E26-4EEB-9491-2E6988927B12}.Debug|Any CPU.Build.0 = Debug|Any CPU
		{1CDE7C91-3E26-4EEB-9491-2E6988927B12}.Release|Any CPU.ActiveCfg = Release|Any CPU
		{1CDE7C91-3E26-4EEB-9491-2E6988927B12}.Release|Any CPU.Build.0 = Release|Any CPU
	EndGlobalSection
	GlobalSection(SolutionProperties) = preSolution
		HideSolutionNode = FALSE
	EndGlobalSection
	GlobalSection(ExtensibilityGlobals) = postSolution
		SolutionGuid = {ABB7D95A-09DC-4C0E-AFBB-FB2ABE121896}
	EndGlobalSection
EndGlobal
